// !$*UTF8*$!
{
	archiveVersion = 1;
	classes = {
	};
	objectVersion = 50;
	objects = {

/* Begin PBXBuildFile section */
		002DF77690B11A9D49F8B248 /* libPods-MJUnitTestDemo.a in Frameworks */ = {isa = PBXBuildFile; fileRef = 0A88BBF6F0FBDD51F7D5343B /* libPods-MJUnitTestDemo.a */; };
		60290A262111A66800524CA3 /* AppDelegate.m in Sources */ = {isa = PBXBuildFile; fileRef = 60290A252111A66800524CA3 /* AppDelegate.m */; };
		60290A292111A66800524CA3 /* ViewController.m in Sources */ = {isa = PBXBuildFile; fileRef = 60290A282111A66800524CA3 /* ViewController.m */; };
		60290A2C2111A66800524CA3 /* Main.storyboard in Resources */ = {isa = PBXBuildFile; fileRef = 60290A2A2111A66800524CA3 /* Main.storyboard */; };
		60290A2E2111A66A00524CA3 /* Assets.xcassets in Resources */ = {isa = PBXBuildFile; fileRef = 60290A2D2111A66A00524CA3 /* Assets.xcassets */; };
		60290A312111A66A00524CA3 /* LaunchScreen.storyboard in Resources */ = {isa = PBXBuildFile; fileRef = 60290A2F2111A66A00524CA3 /* LaunchScreen.storyboard */; };
		60290A342111A66A00524CA3 /* main.m in Sources */ = {isa = PBXBuildFile; fileRef = 60290A332111A66A00524CA3 /* main.m */; };
		60290A3E2111A66A00524CA3 /* MJUnitTestDemoTests.m in Sources */ = {isa = PBXBuildFile; fileRef = 60290A3D2111A66A00524CA3 /* MJUnitTestDemoTests.m */; };
		609439C92112D2A10040C9C8 /* MJViewControllerTest.m in Sources */ = {isa = PBXBuildFile; fileRef = 609439C82112D2A10040C9C8 /* MJViewControllerTest.m */; };
/* End PBXBuildFile section */

/* Begin PBXContainerItemProxy section */
		60290A3A2111A66A00524CA3 /* PBXContainerItemProxy */ = {
			isa = PBXContainerItemProxy;
			containerPortal = 60290A192111A66800524CA3 /* Project object */;
			proxyType = 1;
			remoteGlobalIDString = 60290A202111A66800524CA3;
			remoteInfo = MJUnitTestDemo;
		};
/* End PBXContainerItemProxy section */

/* Begin PBXFileReference section */
		0A88BBF6F0FBDD51F7D5343B /* libPods-MJUnitTestDemo.a */ = {isa = PBXFileReference; explicitFileType = archive.ar; includeInIndex = 0; path = "libPods-MJUnitTestDemo.a"; sourceTree = BUILT_PRODUCTS_DIR; };
		4023D8EF9771EEFCD06DE3C8 /* Pods-MJUnitTestDemo.release.xcconfig */ = {isa = PBXFileReference; includeInIndex = 1; lastKnownFileType = text.xcconfig; name = "Pods-MJUnitTestDemo.release.xcconfig"; path = "Pods/Target Support Files/Pods-MJUnitTestDemo/Pods-MJUnitTestDemo.release.xcconfig"; sourceTree = "<group>"; };
		60290A212111A66800524CA3 /* MJUnitTestDemo.app */ = {isa = PBXFileReference; explicitFileType = wrapper.application; includeInIndex = 0; path = MJUnitTestDemo.app; sourceTree = BUILT_PRODUCTS_DIR; };
		60290A242111A66800524CA3 /* AppDelegate.h */ = {isa = PBXFileReference; lastKnownFileType = sourcecode.c.h; path = AppDelegate.h; sourceTree = "<group>"; };
		60290A252111A66800524CA3 /* AppDelegate.m */ = {isa = PBXFileReference; lastKnownFileType = sourcecode.c.objc; path = AppDelegate.m; sourceTree = "<group>"; };
		60290A272111A66800524CA3 /* ViewController.h */ = {isa = PBXFileReference; lastKnownFileType = sourcecode.c.h; path = ViewController.h; sourceTree = "<group>"; };
		60290A282111A66800524CA3 /* ViewController.m */ = {isa = PBXFileReference; lastKnownFileType = sourcecode.c.objc; path = ViewController.m; sourceTree = "<group>"; };
		60290A2B2111A66800524CA3 /* Base */ = {isa = PBXFileReference; lastKnownFileType = file.storyboard; name = Base; path = Base.lproj/Main.storyboard; sourceTree = "<group>"; };
		60290A2D2111A66A00524CA3 /* Assets.xcassets */ = {isa = PBXFileReference; lastKnownFileType = folder.assetcatalog; path = Assets.xcassets; sourceTree = "<group>"; };
		60290A302111A66A00524CA3 /* Base */ = {isa = PBXFileReference; lastKnownFileType = file.storyboard; name = Base; path = Base.lproj/LaunchScreen.storyboard; sourceTree = "<group>"; };
		60290A322111A66A00524CA3 /* Info.plist */ = {isa = PBXFileReference; lastKnownFileType = text.plist.xml; path = Info.plist; sourceTree = "<group>"; };
		60290A332111A66A00524CA3 /* main.m */ = {isa = PBXFileReference; lastKnownFileType = sourcecode.c.objc; path = main.m; sourceTree = "<group>"; };
		60290A392111A66A00524CA3 /* MJUnitTestDemoTests.xctest */ = {isa = PBXFileReference; explicitFileType = wrapper.cfbundle; includeInIndex = 0; path = MJUnitTestDemoTests.xctest; sourceTree = BUILT_PRODUCTS_DIR; };
		60290A3D2111A66A00524CA3 /* MJUnitTestDemoTests.m */ = {isa = PBXFileReference; lastKnownFileType = sourcecode.c.objc; path = MJUnitTestDemoTests.m; sourceTree = "<group>"; };
		60290A3F2111A66A00524CA3 /* Info.plist */ = {isa = PBXFileReference; lastKnownFileType = text.plist.xml; path = Info.plist; sourceTree = "<group>"; };
		609439C82112D2A10040C9C8 /* MJViewControllerTest.m */ = {isa = PBXFileReference; lastKnownFileType = sourcecode.c.objc; path = MJViewControllerTest.m; sourceTree = "<group>"; };
		B0634C4BE249DF4E139B800E /* Pods-MJUnitTestDemo.debug.xcconfig */ = {isa = PBXFileReference; includeInIndex = 1; lastKnownFileType = text.xcconfig; name = "Pods-MJUnitTestDemo.debug.xcconfig"; path = "Pods/Target Support Files/Pods-MJUnitTestDemo/Pods-MJUnitTestDemo.debug.xcconfig"; sourceTree = "<group>"; };
/* End PBXFileReference section */

/* Begin PBXFrameworksBuildPhase section */
		60290A1E2111A66800524CA3 /* Frameworks */ = {
			isa = PBXFrameworksBuildPhase;
			buildActionMask = 2147483647;
			files = (
				002DF77690B11A9D49F8B248 /* libPods-MJUnitTestDemo.a in Frameworks */,
			);
			runOnlyForDeploymentPostprocessing = 0;
		};
		60290A362111A66A00524CA3 /* Frameworks */ = {
			isa = PBXFrameworksBuildPhase;
			buildActionMask = 2147483647;
			files = (
			);
			runOnlyForDeploymentPostprocessing = 0;
		};
/* End PBXFrameworksBuildPhase section */

/* Begin PBXGroup section */
		5681925B25D8099A883972C6 /* Frameworks */ = {
			isa = PBXGroup;
			children = (
				0A88BBF6F0FBDD51F7D5343B /* libPods-MJUnitTestDemo.a */,
			);
			name = Frameworks;
			sourceTree = "<group>";
		};
		60290A182111A66800524CA3 = {
			isa = PBXGroup;
			children = (
				60290A232111A66800524CA3 /* MJUnitTestDemo */,
				60290A3C2111A66A00524CA3 /* MJUnitTestDemoTests */,
				60290A222111A66800524CA3 /* Products */,
				DDBF7B3A30227CD2E1525F0A /* Pods */,
				5681925B25D8099A883972C6 /* Frameworks */,
			);
			sourceTree = "<group>";
		};
		60290A222111A66800524CA3 /* Products */ = {
			isa = PBXGroup;
			children = (
				60290A212111A66800524CA3 /* MJUnitTestDemo.app */,
				60290A392111A66A00524CA3 /* MJUnitTestDemoTests.xctest */,
			);
			name = Products;
			sourceTree = "<group>";
		};
		60290A232111A66800524CA3 /* MJUnitTestDemo */ = {
			isa = PBXGroup;
			children = (
				60290A242111A66800524CA3 /* AppDelegate.h */,
				60290A252111A66800524CA3 /* AppDelegate.m */,
				60290A272111A66800524CA3 /* ViewController.h */,
				60290A282111A66800524CA3 /* ViewController.m */,
				60290A2A2111A66800524CA3 /* Main.storyboard */,
				60290A2D2111A66A00524CA3 /* Assets.xcassets */,
				60290A2F2111A66A00524CA3 /* LaunchScreen.storyboard */,
				60290A322111A66A00524CA3 /* Info.plist */,
				60290A332111A66A00524CA3 /* main.m */,
			);
			path = MJUnitTestDemo;
			sourceTree = "<group>";
		};
		60290A3C2111A66A00524CA3 /* MJUnitTestDemoTests */ = {
			isa = PBXGroup;
			children = (
				60290A3D2111A66A00524CA3 /* MJUnitTestDemoTests.m */,
				609439C82112D2A10040C9C8 /* MJViewControllerTest.m */,
				60290A3F2111A66A00524CA3 /* Info.plist */,
			);
			path = MJUnitTestDemoTests;
			sourceTree = "<group>";
		};
		DDBF7B3A30227CD2E1525F0A /* Pods */ = {
			isa = PBXGroup;
			children = (
				B0634C4BE249DF4E139B800E /* Pods-MJUnitTestDemo.debug.xcconfig */,
				4023D8EF9771EEFCD06DE3C8 /* Pods-MJUnitTestDemo.release.xcconfig */,
			);
			name = Pods;
			sourceTree = "<group>";
		};
/* End PBXGroup section */

/* Begin PBXNativeTarget section */
		60290A202111A66800524CA3 /* MJUnitTestDemo */ = {
			isa = PBXNativeTarget;
			buildConfigurationList = 60290A422111A66A00524CA3 /* Build configuration list for PBXNativeTarget "MJUnitTestDemo" */;
			buildPhases = (
				FA7B89E49D15FCEB603D12FD /* [CP] Check Pods Manifest.lock */,
				60290A1D2111A66800524CA3 /* Sources */,
				60290A1E2111A66800524CA3 /* Frameworks */,
				60290A1F2111A66800524CA3 /* Resources */,
			);
			buildRules = (
			);
			dependencies = (
			);
			name = MJUnitTestDemo;
			productName = MJUnitTestDemo;
			productReference = 60290A212111A66800524CA3 /* MJUnitTestDemo.app */;
			productType = "com.apple.product-type.application";
		};
		60290A382111A66A00524CA3 /* MJUnitTestDemoTests */ = {
			isa = PBXNativeTarget;
			buildConfigurationList = 60290A452111A66A00524CA3 /* Build configuration list for PBXNativeTarget "MJUnitTestDemoTests" */;
			buildPhases = (
				60290A352111A66A00524CA3 /* Sources */,
				60290A362111A66A00524CA3 /* Frameworks */,
				60290A372111A66A00524CA3 /* Resources */,
			);
			buildRules = (
			);
			dependencies = (
				60290A3B2111A66A00524CA3 /* PBXTargetDependency */,
			);
			name = MJUnitTestDemoTests;
			productName = MJUnitTestDemoTests;
			productReference = 60290A392111A66A00524CA3 /* MJUnitTestDemoTests.xctest */;
			productType = "com.apple.product-type.bundle.unit-test";
		};
/* End PBXNativeTarget section */

/* Begin PBXProject section */
		60290A192111A66800524CA3 /* Project object */ = {
			isa = PBXProject;
			attributes = {
				LastUpgradeCheck = 0940;
				ORGANIZATIONNAME = MinJing_Lin;
				TargetAttributes = {
					60290A202111A66800524CA3 = {
						CreatedOnToolsVersion = 9.4.1;
					};
					60290A382111A66A00524CA3 = {
						CreatedOnToolsVersion = 9.4.1;
						TestTargetID = 60290A202111A66800524CA3;
					};
				};
			};
			buildConfigurationList = 60290A1C2111A66800524CA3 /* Build configuration list for PBXProject "MJUnitTestDemo" */;
			compatibilityVersion = "Xcode 9.3";
			developmentRegion = en;
			hasScannedForEncodings = 0;
			knownRegions = (
				en,
				Base,
			);
			mainGroup = 60290A182111A66800524CA3;
			productRefGroup = 60290A222111A66800524CA3 /* Products */;
			projectDirPath = "";
			projectRoot = "";
			targets = (
				60290A202111A66800524CA3 /* MJUnitTestDemo */,
				60290A382111A66A00524CA3 /* MJUnitTestDemoTests */,
			);
		};
/* End PBXProject section */

/* Begin PBXResourcesBuildPhase section */
		60290A1F2111A66800524CA3 /* Resources */ = {
			isa = PBXResourcesBuildPhase;
			buildActionMask = 2147483647;
			files = (
				60290A312111A66A00524CA3 /* LaunchScreen.storyboard in Resources */,
				60290A2E2111A66A00524CA3 /* Assets.xcassets in Resources */,
				60290A2C2111A66800524CA3 /* Main.storyboard in Resources */,
			);
			runOnlyForDeploymentPostprocessing = 0;
		};
		60290A372111A66A00524CA3 /* Resources */ = {
			isa = PBXResourcesBuildPhase;
			buildActionMask = 2147483647;
			files = (
			);
			runOnlyForDeploymentPostprocessing = 0;
		};
/* End PBXResourcesBuildPhase section */

/* Begin PBXShellScriptBuildPhase section */
		FA7B89E49D15FCEB603D12FD /* [CP] Check Pods Manifest.lock */ = {
			isa = PBXShellScriptBuildPhase;
			buildActionMask = 2147483647;
			files = (
			);
			inputPaths = (
				"${PODS_PODFILE_DIR_PATH}/Podfile.lock",
				"${PODS_ROOT}/Manifest.lock",
			);
			name = "[CP] Check Pods Manifest.lock";
			outputPaths = (
				"$(DERIVED_FILE_DIR)/Pods-MJUnitTestDemo-checkManifestLockResult.txt",
			);
			runOnlyForDeploymentPostprocessing = 0;
			shellPath = /bin/sh;
			shellScript = "diff \"${PODS_PODFILE_DIR_PATH}/Podfile.lock\" \"${PODS_ROOT}/Manifest.lock\" > /dev/null\nif [ $? != 0 ] ; then\n    # print error to STDERR\n    echo \"error: The sandbox is not in sync with the Podfile.lock. Run 'pod install' or update your CocoaPods installation.\" >&2\n    exit 1\nfi\n# This output is used by Xcode 'outputs' to avoid re-running this script phase.\necho \"SUCCESS\" > \"${SCRIPT_OUTPUT_FILE_0}\"\n";
			showEnvVarsInLog = 0;
		};
/* End PBXShellScriptBuildPhase section */

/* Begin PBXSourcesBuildPhase section */
		60290A1D2111A66800524CA3 /* Sources */ = {
			isa = PBXSourcesBuildPhase;
			buildActionMask = 2147483647;
			files = (
				60290A292111A66800524CA3 /* ViewController.m in Sources */,
				60290A342111A66A00524CA3 /* main.m in Sources */,
				60290A262111A66800524CA3 /* AppDelegate.m in Sources */,
			);
			runOnlyForDeploymentPostprocessing = 0;
		};
		60290A352111A66A00524CA3 /* Sources */ = {
			isa = PBXSourcesBuildPhase;
			buildActionMask = 2147483647;
			files = (
				60290A3E2111A66A00524CA3 /* MJUnitTestDemoTests.m in Sources */,
				609439C92112D2A10040C9C8 /* MJViewControllerTest.m in Sources */,
			);
			runOnlyForDeploymentPostprocessing = 0;
		};
/* End PBXSourcesBuildPhase section */

/* Begin PBXTargetDependency section */
		60290A3B2111A66A00524CA3 /* PBXTargetDependency */ = {
			isa = PBXTargetDependency;
			target = 60290A202111A66800524CA3 /* MJUnitTestDemo */;
			targetProxy = 60290A3A2111A66A00524CA3 /* PBXContainerItemProxy */;
		};
/* End PBXTargetDependency section */

/* Begin PBXVariantGroup section */
		60290A2A2111A66800524CA3 /* Main.storyboard */ = {
			isa = PBXVariantGroup;
			children = (
				60290A2B2111A66800524CA3 /* Base */,
			);
			name = Main.storyboard;
			sourceTree = "<group>";
		};
		60290A2F2111A66A00524CA3 /* LaunchScreen.storyboard */ = {
			isa = PBXVariantGroup;
			children = (
				60290A302111A66A00524CA3 /* Base */,
			);
			name = LaunchScreen.storyboard;
			sourceTree = "<group>";
		};
/* End PBXVariantGroup section */

/* Begin XCBuildConfiguration section */
		60290A402111A66A00524CA3 /* Debug */ = {
			isa = XCBuildConfiguration;
			buildSettings = {
				ALWAYS_SEARCH_USER_PATHS = NO;
				CLANG_ANALYZER_NONNULL = YES;
				CLANG_ANALYZER_NUMBER_OBJECT_CONVERSION = YES_AGGRESSIVE;
				CLANG_CXX_LANGUAGE_STANDARD = "gnu++14";
				CLANG_CXX_LIBRARY = "libc++";
				CLANG_ENABLE_MODULES = YES;
				CLANG_ENABLE_OBJC_ARC = YES;
				CLANG_ENABLE_OBJC_WEAK = YES;
				CLANG_WARN_BLOCK_CAPTURE_AUTORELEASING = YES;
				CLANG_WARN_BOOL_CONVERSION = YES;
				CLANG_WARN_COMMA = YES;
				CLANG_WARN_CONSTANT_CONVERSION = YES;
				CLANG_WARN_DEPRECATED_OBJC_IMPLEMENTATIONS = YES;
				CLANG_WARN_DIRECT_OBJC_ISA_USAGE = YES_ERROR;
				CLANG_WARN_DOCUMENTATION_COMMENTS = YES;
				CLANG_WARN_EMPTY_BODY = YES;
				CLANG_WARN_ENUM_CONVERSION = YES;
				CLANG_WARN_INFINITE_RECURSION = YES;
				CLANG_WARN_INT_CONVERSION = YES;
				CLANG_WARN_NON_LITERAL_NULL_CONVERSION = YES;
				CLANG_WARN_OBJC_IMPLICIT_RETAIN_SELF = YES;
				CLANG_WARN_OBJC_LITERAL_CONVERSION = YES;
				CLANG_WARN_OBJC_ROOT_CLASS = YES_ERROR;
				CLANG_WARN_RANGE_LOOP_ANALYSIS = YES;
				CLANG_WARN_STRICT_PROTOTYPES = YES;
				CLANG_WARN_SUSPICIOUS_MOVE = YES;
				CLANG_WARN_UNGUARDED_AVAILABILITY = YES_AGGRESSIVE;
				CLANG_WARN_UNREACHABLE_CODE = YES;
				CLANG_WARN__DUPLICATE_METHOD_MATCH = YES;
				CODE_SIGN_IDENTITY = "iPhone Developer";
				COPY_PHASE_STRIP = NO;
				DEBUG_INFORMATION_FORMAT = dwarf;
				ENABLE_STRICT_OBJC_MSGSEND = YES;
				ENABLE_TESTABILITY = YES;
				GCC_C_LANGUAGE_STANDARD = gnu11;
				GCC_DYNAMIC_NO_PIC = NO;
				GCC_NO_COMMON_BLOCKS = YES;
				GCC_OPTIMIZATION_LEVEL = 0;
				GCC_PREPROCESSOR_DEFINITIONS = (
					"DEBUG=1",
					"$(inherited)",
				);
				GCC_WARN_64_TO_32_BIT_CONVERSION = YES;
				GCC_WARN_ABOUT_RETURN_TYPE = YES_ERROR;
				GCC_WARN_UNDECLARED_SELECTOR = YES;
				GCC_WARN_UNINITIALIZED_AUTOS = YES_AGGRESSIVE;
				GCC_WARN_UNUSED_FUNCTION = YES;
				GCC_WARN_UNUSED_VARIABLE = YES;
				IPHONEOS_DEPLOYMENT_TARGET = 11.4;
				MTL_ENABLE_DEBUG_INFO = YES;
				ONLY_ACTIVE_ARCH = YES;
				SDKROOT = iphoneos;
			};
			name = Debug;
		};
		60290A412111A66A00524CA3 /* Release */ = {
			isa = XCBuildConfiguration;
			buildSettings = {
				ALWAYS_SEARCH_USER_PATHS = NO;
				CLANG_ANALYZER_NONNULL = YES;
				CLANG_ANALYZER_NUMBER_OBJECT_CONVERSION = YES_AGGRESSIVE;
				CLANG_CXX_LANGUAGE_STANDARD = "gnu++14";
				CLANG_CXX_LIBRARY = "libc++";
				CLANG_ENABLE_MODULES = YES;
				CLANG_ENABLE_OBJC_ARC = YES;
				CLANG_ENABLE_OBJC_WEAK = YES;
				CLANG_WARN_BLOCK_CAPTURE_AUTORELEASING = YES;
				CLANG_WARN_BOOL_CONVERSION = YES;
				CLANG_WARN_COMMA = YES;
				CLANG_WARN_CONSTANT_CONVERSION = YES;
				CLANG_WARN_DEPRECATED_OBJC_IMPLEMENTATIONS = YES;
				CLANG_WARN_DIRECT_OBJC_ISA_USAGE = YES_ERROR;
				CLANG_WARN_DOCUMENTATION_COMMENTS = YES;
				CLANG_WARN_EMPTY_BODY = YES;
				CLANG_WARN_ENUM_CONVERSION = YES;
				CLANG_WARN_INFINITE_RECURSION = YES;
				CLANG_WARN_INT_CONVERSION = YES;
				CLANG_WARN_NON_LITERAL_NULL_CONVERSION = YES;
				CLANG_WARN_OBJC_IMPLICIT_RETAIN_SELF = YES;
				CLANG_WARN_OBJC_LITERAL_CONVERSION = YES;
				CLANG_WARN_OBJC_ROOT_CLASS = YES_ERROR;
				CLANG_WARN_RANGE_LOOP_ANALYSIS = YES;
				CLANG_WARN_STRICT_PROTOTYPES = YES;
				CLANG_WARN_SUSPICIOUS_MOVE = YES;
				CLANG_WARN_UNGUARDED_AVAILABILITY = YES_AGGRESSIVE;
				CLANG_WARN_UNREACHABLE_CODE = YES;
				CLANG_WARN__DUPLICATE_METHOD_MATCH = YES;
				CODE_SIGN_IDENTITY = "iPhone Developer";
				COPY_PHASE_STRIP = NO;
				DEBUG_INFORMATION_FORMAT = "dwarf-with-dsym";
				ENABLE_NS_ASSERTIONS = NO;
				ENABLE_STRICT_OBJC_MSGSEND = YES;
				GCC_C_LANGUAGE_STANDARD = gnu11;
				GCC_NO_COMMON_BLOCKS = YES;
				GCC_WARN_64_TO_32_BIT_CONVERSION = YES;
				GCC_WARN_ABOUT_RETURN_TYPE = YES_ERROR;
				GCC_WARN_UNDECLARED_SELECTOR = YES;
				GCC_WARN_UNINITIALIZED_AUTOS = YES_AGGRESSIVE;
				GCC_WARN_UNUSED_FUNCTION = YES;
				GCC_WARN_UNUSED_VARIABLE = YES;
				IPHONEOS_DEPLOYMENT_TARGET = 11.4;
				MTL_ENABLE_DEBUG_INFO = NO;
				SDKROOT = iphoneos;
				VALIDATE_PRODUCT = YES;
			};
			name = Release;
		};
		60290A432111A66A00524CA3 /* Debug */ = {
			isa = XCBuildConfiguration;
			baseConfigurationReference = B0634C4BE249DF4E139B800E /* Pods-MJUnitTestDemo.debug.xcconfig */;
			buildSettings = {
				ASSETCATALOG_COMPILER_APPICON_NAME = AppIcon;
				CODE_SIGN_STYLE = Automatic;
				INFOPLIST_FILE = MJUnitTestDemo/Info.plist;
				LD_RUNPATH_SEARCH_PATHS = (
					"$(inherited)",
					"@executable_path/Frameworks",
				);
				ONLY_ACTIVE_ARCH = YES;
				PRODUCT_BUNDLE_IDENTIFIER = com.test.MJUnitTestDemo;
				PRODUCT_NAME = "$(TARGET_NAME)";
				TARGETED_DEVICE_FAMILY = "1,2";
				USER_HEADER_SEARCH_PATHS = "${SRCROOT}/**";
			};
			name = Debug;
		};
		60290A442111A66A00524CA3 /* Release */ = {
			isa = XCBuildConfiguration;
			baseConfigurationReference = 4023D8EF9771EEFCD06DE3C8 /* Pods-MJUnitTestDemo.release.xcconfig */;
			buildSettings = {
				ASSETCATALOG_COMPILER_APPICON_NAME = AppIcon;
				CODE_SIGN_STYLE = Automatic;
				INFOPLIST_FILE = MJUnitTestDemo/Info.plist;
				LD_RUNPATH_SEARCH_PATHS = (
					"$(inherited)",
					"@executable_path/Frameworks",
				);
				PRODUCT_BUNDLE_IDENTIFIER = com.test.MJUnitTestDemo;
				PRODUCT_NAME = "$(TARGET_NAME)";
				TARGETED_DEVICE_FAMILY = "1,2";
				USER_HEADER_SEARCH_PATHS = "${SRCROOT}/**";
			};
			name = Release;
		};
		60290A462111A66A00524CA3 /* Debug */ = {
			isa = XCBuildConfiguration;
			buildSettings = {
				BUNDLE_LOADER = "$(TEST_HOST)";
				CODE_SIGN_STYLE = Automatic;
				INFOPLIST_FILE = MJUnitTestDemoTests/Info.plist;
				LD_RUNPATH_SEARCH_PATHS = (
					"$(inherited)",
					"@executable_path/Frameworks",
					"@loader_path/Frameworks",
				);
				PRODUCT_BUNDLE_IDENTIFIER = com.test.MJUnitTestDemoTests;
				PRODUCT_NAME = "$(TARGET_NAME)";
				TARGETED_DEVICE_FAMILY = "1,2";
				TEST_HOST = "$(BUILT_PRODUCTS_DIR)/MJUnitTestDemo.app/MJUnitTestDemo";
				USER_HEADER_SEARCH_PATHS = "${SRCROOT}/**";
			};
			name = Debug;
		};
		60290A472111A66A00524CA3 /* Release */ = {
			isa = XCBuildConfiguration;
			buildSettings = {
				BUNDLE_LOADER = "$(TEST_HOST)";
				CODE_SIGN_STYLE = Automatic;
				INFOPLIST_FILE = MJUnitTestDemoTests/Info.plist;
				LD_RUNPATH_SEARCH_PATHS = (
					"$(inherited)",
					"@executable_path/Frameworks",
					"@loader_path/Frameworks",
				);
				PRODUCT_BUNDLE_IDENTIFIER = com.test.MJUnitTestDemoTests;
				PRODUCT_NAME = "$(TARGET_NAME)";
				TARGETED_DEVICE_FAMILY = "1,2";
				TEST_HOST = "$(BUILT_PRODUCTS_DIR)/MJUnitTestDemo.app/MJUnitTestDemo";
				USER_HEADER_SEARCH_PATHS = "${SRCROOT}/**";
			};
			name = Release;
		};
/* End XCBuildConfiguration section */

/* Begin XCConfigurationList section */
		60290A1C2111A66800524CA3 /* Build configuration list for PBXProject "MJUnitTestDemo" */ = {
			isa = XCConfigurationList;
			buildConfigurations = (
				60290A402111A66A00524CA3 /* Debug */,
				60290A412111A66A00524CA3 /* Release */,
			);
			defaultConfigurationIsVisible = 0;
			defaultConfigurationName = Release;
		};
		60290A422111A66A00524CA3 /* Build configuration list for PBXNativeTarget "MJUnitTestDemo" */ = {
			isa = XCConfigurationList;
			buildConfigurations = (
				60290A432111A66A00524CA3 /* Debug */,
				60290A442111A66A00524CA3 /* Release */,
			);
			defaultConfigurationIsVisible = 0;
			defaultConfigurationName = Release;
		};
		60290A452111A66A00524CA3 /* Build configuration list for PBXNativeTarget "MJUnitTestDemoTests" */ = {
			isa = XCConfigurationList;
			buildConfigurations = (
				60290A462111A66A00524CA3 /* Debug */,
				60290A472111A66A00524CA3 /* Release */,
			);
			defaultConfigurationIsVisible = 0;
			defaultConfigurationName = Release;
		};
/* End XCConfigurationList section */
	};
	rootObject = 60290A192111A66800524CA3 /* Project object */;
}
